
Microsoft Visual Studio Solution File, Format Version 12.00
# Visual Studio Version 16
VisualStudioVersion = 16.0.30717.126
MinimumVisualStudioVersion = 10.0.40219.1
Project("{FAE04EC0-301F-11D3-BF4B-00C04F79EFBC}") = "UserAPI", "UserAPI\UserAPI.csproj", "{B221123A-7A76-42C5-A3E8-6668455C3D76}"
EndProject
Global
	GlobalSection(SolutionConfigurationPlatforms) = preSolution
		Debug|Any CPU = Debug|Any CPU
		Release|Any CPU = Release|Any CPU
	EndGlobalSection
	GlobalSection(ProjectConfigurationPlatforms) = postSolution
		{B221123A-7A76-42C5-A3E8-6668455C3D76}.Debug|Any CPU.ActiveCfg = Debug|Any CPU
		{B221123A-7A76-42C5-A3E8-6668455C3D76}.Debug|Any CPU.Build.0 = Debug|Any CPU
		{B221123A-7A76-42C5-A3E8-6668455C3D76}.Release|Any CPU.ActiveCfg = Release|Any CPU
		{B221123A-7A76-42C5-A3E8-6668455C3D76}.Release|Any CPU.Build.0 = Release|Any CPU
	EndGlobalSection
	GlobalSection(SolutionProperties) = preSolution
		HideSolutionNode = FALSE
	EndGlobalSection
	GlobalSection(ExtensibilityGlobals) = postSolution
		SolutionGuid = {00572FAE-9A19-45EB-B94F-3DC7229D525B}
	EndGlobalSection
EndGlobal
